lockfileVersion: 5.3

specifiers:
  big-js: ^3.1.3

dependencies:
  big-js: registry.npmjs.org/big-js/3.1.3

packages:

  registry.npmjs.org/big-js/3.1.3:
    resolution: {integrity: sha1-CI5zr9UVko3ZGX/C02SIORvDvDo=, registry: https://registry.npmjs.com/, tarball: https://registry.npmjs.org/big-js/-/big-js-3.1.3.tgz}
    name: big-js
    version: 3.1.3
    dev: false
